
Microsoft Visual Studio Solution File, Format Version 12.00
# Visual Studio Version 17
VisualStudioVersion = 17.10.35013.160
MinimumVisualStudioVersion = 10.0.40219.1
Project("{9A19103F-16F7-4668-BE54-9A1E7A4F7556}") = "Arrowgene.Ddon.LoginServer", "Arrowgene.Ddon.LoginServer\Arrowgene.Ddon.LoginServer.csproj", "{5C0F18BB-B735-4284-82A2-27506DFC9E56}"
EndProject
Project("{9A19103F-16F7-4668-BE54-9A1E7A4F7556}") = "Arrowgene.Ddon.Cli", "Arrowgene.Ddon.Cli\Arrowgene.Ddon.Cli.csproj", "{72B2D640-DEA0-4BA7-A3B5-899954BFBBF5}"
EndProject
Project("{9A19103F-16F7-4668-BE54-9A1E7A4F7556}") = "Arrowgene.Ddon.WebServer", "Arrowgene.Ddon.WebServer\Arrowgene.Ddon.WebServer.csproj", "{B6813ECD-CF44-4899-838B-94D5F85B39A6}"
EndProject
Project("{9A19103F-16F7-4668-BE54-9A1E7A4F7556}") = "Arrowgene.Ddon.Database", "Arrowgene.Ddon.Database\Arrowgene.Ddon.Database.csproj", "{E8FD9C06-57D7-4117-97AC-DE7779A73FB1}"
EndProject
Project("{9A19103F-16F7-4668-BE54-9A1E7A4F7556}") = "Arrowgene.Ddon.Shared", "Arrowgene.Ddon.Shared\Arrowgene.Ddon.Shared.csproj", "{840B5617-2B22-461F-96F5-9062303F08E0}"
EndProject
Project("{9A19103F-16F7-4668-BE54-9A1E7A4F7556}") = "Arrowgene.Ddon.Server", "Arrowgene.Ddon.Server\Arrowgene.Ddon.Server.csproj", "{7D39A3F8-4E2E-4E6F-9136-86EC13D64328}"
EndProject
Project("{9A19103F-16F7-4668-BE54-9A1E7A4F7556}") = "Arrowgene.Ddon.GameServer", "Arrowgene.Ddon.GameServer\Arrowgene.Ddon.GameServer.csproj", "{87B8E9EB-CCCF-481F-8D01-74676ED62AAF}"
EndProject
Project("{9A19103F-16F7-4668-BE54-9A1E7A4F7556}") = "Arrowgene.Ddon.Test", "Arrowgene.Ddon.Test\Arrowgene.Ddon.Test.csproj", "{86D48D8F-AA02-4BB8-9B5C-1313C8310F5F}"
EndProject
Project("{9A19103F-16F7-4668-BE54-9A1E7A4F7556}") = "Arrowgene.Ddon.Rpc", "Arrowgene.Ddon.Rpc\Arrowgene.Ddon.Rpc.csproj", "{2DE5385B-B8ED-491D-AC6C-895DC154C79E}"
EndProject
Project("{9A19103F-16F7-4668-BE54-9A1E7A4F7556}") = "Arrowgene.Ddon.Rpc.Web", "Arrowgene.Ddon.Rpc.Web\Arrowgene.Ddon.Rpc.Web.csproj", "{A98B686D-6C3D-473D-B69D-940ED343D7AF}"
EndProject
Project("{9A19103F-16F7-4668-BE54-9A1E7A4F7556}") = "Arrowgene.Ddon.Client", "Arrowgene.Ddon.Client\Arrowgene.Ddon.Client.csproj", "{DAC06C22-BD06-4592-A60A-3990B85EF7A8}"
EndProject
Project("{FAE04EC0-301F-11D3-BF4B-00C04F79EFBC}") = "Arrowgene.Ddon.Scripts", "Arrowgene.Ddon.Scripts\Arrowgene.Ddon.Scripts.csproj", "{6B1A1279-B893-41BE-9D80-D4039A5251DA}"
EndProject
Global
	GlobalSection(SolutionConfigurationPlatforms) = preSolution
		Debug|Any CPU = Debug|Any CPU
		Release|Any CPU = Release|Any CPU
	EndGlobalSection
	GlobalSection(ProjectConfigurationPlatforms) = postSolution
		{5C0F18BB-B735-4284-82A2-27506DFC9E56}.Debug|Any CPU.ActiveCfg = Debug|Any CPU
		{5C0F18BB-B735-4284-82A2-27506DFC9E56}.Debug|Any CPU.Build.0 = Debug|Any CPU
		{5C0F18BB-B735-4284-82A2-27506DFC9E56}.Release|Any CPU.ActiveCfg = Release|Any CPU
		{5C0F18BB-B735-4284-82A2-27506DFC9E56}.Release|Any CPU.Build.0 = Release|Any CPU
		{72B2D640-DEA0-4BA7-A3B5-899954BFBBF5}.Debug|Any CPU.ActiveCfg = Debug|Any CPU
		{72B2D640-DEA0-4BA7-A3B5-899954BFBBF5}.Debug|Any CPU.Build.0 = Debug|Any CPU
		{72B2D640-DEA0-4BA7-A3B5-899954BFBBF5}.Release|Any CPU.ActiveCfg = Release|Any CPU
		{72B2D640-DEA0-4BA7-A3B5-899954BFBBF5}.Release|Any CPU.Build.0 = Release|Any CPU
		{B6813ECD-CF44-4899-838B-94D5F85B39A6}.Debug|Any CPU.ActiveCfg = Debug|Any CPU
		{B6813ECD-CF44-4899-838B-94D5F85B39A6}.Debug|Any CPU.Build.0 = Debug|Any CPU
		{B6813ECD-CF44-4899-838B-94D5F85B39A6}.Release|Any CPU.ActiveCfg = Release|Any CPU
		{B6813ECD-CF44-4899-838B-94D5F85B39A6}.Release|Any CPU.Build.0 = Release|Any CPU
		{E8FD9C06-57D7-4117-97AC-DE7779A73FB1}.Debug|Any CPU.ActiveCfg = Debug|Any CPU
		{E8FD9C06-57D7-4117-97AC-DE7779A73FB1}.Debug|Any CPU.Build.0 = Debug|Any CPU
		{E8FD9C06-57D7-4117-97AC-DE7779A73FB1}.Release|Any CPU.ActiveCfg = Release|Any CPU
		{E8FD9C06-57D7-4117-97AC-DE7779A73FB1}.Release|Any CPU.Build.0 = Release|Any CPU
		{840B5617-2B22-461F-96F5-9062303F08E0}.Debug|Any CPU.ActiveCfg = Debug|Any CPU
		{840B5617-2B22-461F-96F5-9062303F08E0}.Debug|Any CPU.Build.0 = Debug|Any CPU
		{840B5617-2B22-461F-96F5-9062303F08E0}.Release|Any CPU.ActiveCfg = Release|Any CPU
		{840B5617-2B22-461F-96F5-9062303F08E0}.Release|Any CPU.Build.0 = Release|Any CPU
		{7D39A3F8-4E2E-4E6F-9136-86EC13D64328}.Debug|Any CPU.ActiveCfg = Debug|Any CPU
		{7D39A3F8-4E2E-4E6F-9136-86EC13D64328}.Debug|Any CPU.Build.0 = Debug|Any CPU
		{7D39A3F8-4E2E-4E6F-9136-86EC13D64328}.Release|Any CPU.ActiveCfg = Release|Any CPU
		{7D39A3F8-4E2E-4E6F-9136-86EC13D64328}.Release|Any CPU.Build.0 = Release|Any CPU
		{87B8E9EB-CCCF-481F-8D01-74676ED62AAF}.Debug|Any CPU.ActiveCfg = Debug|Any CPU
		{87B8E9EB-CCCF-481F-8D01-74676ED62AAF}.Debug|Any CPU.Build.0 = Debug|Any CPU
		{87B8E9EB-CCCF-481F-8D01-74676ED62AAF}.Release|Any CPU.ActiveCfg = Release|Any CPU
		{87B8E9EB-CCCF-481F-8D01-74676ED62AAF}.Release|Any CPU.Build.0 = Release|Any CPU
		{86D48D8F-AA02-4BB8-9B5C-1313C8310F5F}.Debug|Any CPU.ActiveCfg = Debug|Any CPU
		{86D48D8F-AA02-4BB8-9B5C-1313C8310F5F}.Debug|Any CPU.Build.0 = Debug|Any CPU
		{86D48D8F-AA02-4BB8-9B5C-1313C8310F5F}.Release|Any CPU.ActiveCfg = Release|Any CPU
		{86D48D8F-AA02-4BB8-9B5C-1313C8310F5F}.Release|Any CPU.Build.0 = Release|Any CPU
		{2DE5385B-B8ED-491D-AC6C-895DC154C79E}.Debug|Any CPU.ActiveCfg = Debug|Any CPU
		{2DE5385B-B8ED-491D-AC6C-895DC154C79E}.Debug|Any CPU.Build.0 = Debug|Any CPU
		{2DE5385B-B8ED-491D-AC6C-895DC154C79E}.Release|Any CPU.ActiveCfg = Release|Any CPU
		{2DE5385B-B8ED-491D-AC6C-895DC154C79E}.Release|Any CPU.Build.0 = Release|Any CPU
		{A98B686D-6C3D-473D-B69D-940ED343D7AF}.Debug|Any CPU.ActiveCfg = Debug|Any CPU
		{A98B686D-6C3D-473D-B69D-940ED343D7AF}.Debug|Any CPU.Build.0 = Debug|Any CPU
		{A98B686D-6C3D-473D-B69D-940ED343D7AF}.Release|Any CPU.ActiveCfg = Release|Any CPU
		{A98B686D-6C3D-473D-B69D-940ED343D7AF}.Release|Any CPU.Build.0 = Release|Any CPU
		{DAC06C22-BD06-4592-A60A-3990B85EF7A8}.Debug|Any CPU.ActiveCfg = Debug|Any CPU
		{DAC06C22-BD06-4592-A60A-3990B85EF7A8}.Debug|Any CPU.Build.0 = Debug|Any CPU
		{DAC06C22-BD06-4592-A60A-3990B85EF7A8}.Release|Any CPU.ActiveCfg = Release|Any CPU
		{DAC06C22-BD06-4592-A60A-3990B85EF7A8}.Release|Any CPU.Build.0 = Release|Any CPU
		{6B1A1279-B893-41BE-9D80-D4039A5251DA}.Debug|Any CPU.ActiveCfg = Debug|Any CPU
		{6B1A1279-B893-41BE-9D80-D4039A5251DA}.Debug|Any CPU.Build.0 = Debug|Any CPU
		{6B1A1279-B893-41BE-9D80-D4039A5251DA}.Release|Any CPU.ActiveCfg = Release|Any CPU
		{6B1A1279-B893-41BE-9D80-D4039A5251DA}.Release|Any CPU.Build.0 = Release|Any CPU
	EndGlobalSection
	GlobalSection(SolutionProperties) = preSolution
		HideSolutionNode = FALSE
	EndGlobalSection
	GlobalSection(ExtensibilityGlobals) = postSolution
		SolutionGuid = {301F2D20-6E16-4CDA-A0BF-7D1F97416DEC}
	EndGlobalSection
EndGlobal
