
Microsoft Visual Studio Solution File, Format Version 12.00
Project("{FAE04EC0-301F-11D3-BF4B-00C04F79EFBC}") = "Ddo.Server", "Ddo.Server\Ddo.Server.csproj", "{5C0F18BB-B735-4284-82A2-27506DFC9E56}"
EndProject
Project("{FAE04EC0-301F-11D3-BF4B-00C04F79EFBC}") = "Ddo.Cli", "Ddo.Cli\Ddo.Cli.csproj", "{72B2D640-DEA0-4BA7-A3B5-899954BFBBF5}"
EndProject
Global
	GlobalSection(SolutionConfigurationPlatforms) = preSolution
		Debug|Any CPU = Debug|Any CPU
		Release|Any CPU = Release|Any CPU
	EndGlobalSection
	GlobalSection(ProjectConfigurationPlatforms) = postSolution
		{5C0F18BB-B735-4284-82A2-27506DFC9E56}.Debug|Any CPU.ActiveCfg = Debug|Any CPU
		{5C0F18BB-B735-4284-82A2-27506DFC9E56}.Debug|Any CPU.Build.0 = Debug|Any CPU
		{5C0F18BB-B735-4284-82A2-27506DFC9E56}.Release|Any CPU.ActiveCfg = Release|Any CPU
		{5C0F18BB-B735-4284-82A2-27506DFC9E56}.Release|Any CPU.Build.0 = Release|Any CPU
		{72B2D640-DEA0-4BA7-A3B5-899954BFBBF5}.Debug|Any CPU.ActiveCfg = Debug|Any CPU
		{72B2D640-DEA0-4BA7-A3B5-899954BFBBF5}.Debug|Any CPU.Build.0 = Debug|Any CPU
		{72B2D640-DEA0-4BA7-A3B5-899954BFBBF5}.Release|Any CPU.ActiveCfg = Release|Any CPU
		{72B2D640-DEA0-4BA7-A3B5-899954BFBBF5}.Release|Any CPU.Build.0 = Release|Any CPU
	EndGlobalSection
EndGlobal
