Microsoft Visual Studio Solution File, Format Version 12.00
# Visual Studio Version 17
VisualStudioVersion = 17.5.2.0
MinimumVisualStudioVersion = 10.0.40219.1
Project("{FAE04EC0-301F-11D3-BF4B-00C04F79EFBC}") = "Arrowgene.Ddon.Scripts", "Arrowgene.Ddon.Scripts.csproj", "{0FF56EAA-34AD-9918-F6DE-EF5247346074}"
EndProject
Global
	GlobalSection(SolutionConfigurationPlatforms) = preSolution
		Debug|Any CPU = Debug|Any CPU
		Release|Any CPU = Release|Any CPU
	EndGlobalSection
	GlobalSection(ProjectConfigurationPlatforms) = postSolution
		{0FF56EAA-34AD-9918-F6DE-EF5247346074}.Debug|Any CPU.ActiveCfg = Debug|Any CPU
		{0FF56EAA-34AD-9918-F6DE-EF5247346074}.Debug|Any CPU.Build.0 = Debug|Any CPU
		{0FF56EAA-34AD-9918-F6DE-EF5247346074}.Release|Any CPU.ActiveCfg = Release|Any CPU
		{0FF56EAA-34AD-9918-F6DE-EF5247346074}.Release|Any CPU.Build.0 = Release|Any CPU
	EndGlobalSection
	GlobalSection(SolutionProperties) = preSolution
		HideSolutionNode = FALSE
	EndGlobalSection
	GlobalSection(ExtensibilityGlobals) = postSolution
		SolutionGuid = {EBE7819B-C427-40C2-A91F-282A52A40FD6}
	EndGlobalSection
EndGlobal
